
Microsoft Visual Studio Solution File, Format Version 12.00
# Visual Studio Version 16
VisualStudioVersion = 16.0.32802.440
MinimumVisualStudioVersion = 10.0.40219.1
Project("{FAE04EC0-301F-11D3-BF4B-00C04F79EFBC}") = "FinalChallenge", "FinalChallenge\FinalChallenge.csproj", "{B5534A09-D607-47FA-8C1C-2D72B4035611}"
EndProject
Global
	GlobalSection(SolutionConfigurationPlatforms) = preSolution
		Debug|Any CPU = Debug|Any CPU
		Release|Any CPU = Release|Any CPU
	EndGlobalSection
	GlobalSection(ProjectConfigurationPlatforms) = postSolution
		{B5534A09-D607-47FA-8C1C-2D72B4035611}.Debug|Any CPU.ActiveCfg = Debug|Any CPU
		{B5534A09-D607-47FA-8C1C-2D72B4035611}.Debug|Any CPU.Build.0 = Debug|Any CPU
		{B5534A09-D607-47FA-8C1C-2D72B4035611}.Release|Any CPU.ActiveCfg = Release|Any CPU
		{B5534A09-D607-47FA-8C1C-2D72B4035611}.Release|Any CPU.Build.0 = Release|Any CPU
	EndGlobalSection
	GlobalSection(SolutionProperties) = preSolution
		HideSolutionNode = FALSE
	EndGlobalSection
	GlobalSection(ExtensibilityGlobals) = postSolution
		SolutionGuid = {CDE30DEB-DAB0-48C2-BC3E-B1C01E06F804}
	EndGlobalSection
EndGlobal
