
Microsoft Visual Studio Solution File, Format Version 12.00
# Visual Studio Version 16
VisualStudioVersion = 16.0.32630.194
MinimumVisualStudioVersion = 10.0.40219.1
Project("{FAE04EC0-301F-11D3-BF4B-00C04F79EFBC}") = "NewsletterAppMVC", "NewsletterAppMVC\NewsletterAppMVC.csproj", "{991FEBE6-5352-4664-9B22-BE783053F27D}"
EndProject
Global
	GlobalSection(SolutionConfigurationPlatforms) = preSolution
		Debug|Any CPU = Debug|Any CPU
		Release|Any CPU = Release|Any CPU
	EndGlobalSection
	GlobalSection(ProjectConfigurationPlatforms) = postSolution
		{991FEBE6-5352-4664-9B22-BE783053F27D}.Debug|Any CPU.ActiveCfg = Debug|Any CPU
		{991FEBE6-5352-4664-9B22-BE783053F27D}.Debug|Any CPU.Build.0 = Debug|Any CPU
		{991FEBE6-5352-4664-9B22-BE783053F27D}.Release|Any CPU.ActiveCfg = Release|Any CPU
		{991FEBE6-5352-4664-9B22-BE783053F27D}.Release|Any CPU.Build.0 = Release|Any CPU
	EndGlobalSection
	GlobalSection(SolutionProperties) = preSolution
		HideSolutionNode = FALSE
	EndGlobalSection
	GlobalSection(ExtensibilityGlobals) = postSolution
		SolutionGuid = {DB2C94F0-F330-4067-A629-3F1172A4701F}
	EndGlobalSection
EndGlobal
