
Microsoft Visual Studio Solution File, Format Version 12.00
# Visual Studio Version 16
VisualStudioVersion = 16.0.32630.194
MinimumVisualStudioVersion = 10.0.40219.1
Project("{FAE04EC0-301F-11D3-BF4B-00C04F79EFBC}") = "LambdaSubmission", "LambdaSubmission\LambdaSubmission.csproj", "{67C75115-F0B3-488E-A779-D71CF80B0E43}"
EndProject
Global
	GlobalSection(SolutionConfigurationPlatforms) = preSolution
		Debug|Any CPU = Debug|Any CPU
		Release|Any CPU = Release|Any CPU
	EndGlobalSection
	GlobalSection(ProjectConfigurationPlatforms) = postSolution
		{67C75115-F0B3-488E-A779-D71CF80B0E43}.Debug|Any CPU.ActiveCfg = Debug|Any CPU
		{67C75115-F0B3-488E-A779-D71CF80B0E43}.Debug|Any CPU.Build.0 = Debug|Any CPU
		{67C75115-F0B3-488E-A779-D71CF80B0E43}.Release|Any CPU.ActiveCfg = Release|Any CPU
		{67C75115-F0B3-488E-A779-D71CF80B0E43}.Release|Any CPU.Build.0 = Release|Any CPU
	EndGlobalSection
	GlobalSection(SolutionProperties) = preSolution
		HideSolutionNode = FALSE
	EndGlobalSection
	GlobalSection(ExtensibilityGlobals) = postSolution
		SolutionGuid = {C7B15125-EE48-457E-ADF6-077A40B3CE59}
	EndGlobalSection
EndGlobal
