
Microsoft Visual Studio Solution File, Format Version 12.00
# Visual Studio Version 16
VisualStudioVersion = 16.0.32630.194
MinimumVisualStudioVersion = 10.0.40219.1
Project("{FAE04EC0-301F-11D3-BF4B-00C04F79EFBC}") = "InputAssignment", "InputAssignment\InputAssignment.csproj", "{0B708150-A15E-4D7C-BBF0-57CF6CA295D3}"
EndProject
Global
	GlobalSection(SolutionConfigurationPlatforms) = preSolution
		Debug|Any CPU = Debug|Any CPU
		Release|Any CPU = Release|Any CPU
	EndGlobalSection
	GlobalSection(ProjectConfigurationPlatforms) = postSolution
		{0B708150-A15E-4D7C-BBF0-57CF6CA295D3}.Debug|Any CPU.ActiveCfg = Debug|Any CPU
		{0B708150-A15E-4D7C-BBF0-57CF6CA295D3}.Debug|Any CPU.Build.0 = Debug|Any CPU
		{0B708150-A15E-4D7C-BBF0-57CF6CA295D3}.Release|Any CPU.ActiveCfg = Release|Any CPU
		{0B708150-A15E-4D7C-BBF0-57CF6CA295D3}.Release|Any CPU.Build.0 = Release|Any CPU
	EndGlobalSection
	GlobalSection(SolutionProperties) = preSolution
		HideSolutionNode = FALSE
	EndGlobalSection
	GlobalSection(ExtensibilityGlobals) = postSolution
		SolutionGuid = {288FF55F-B3CA-48F8-900C-ACB04293DFC5}
	EndGlobalSection
EndGlobal
