
Microsoft Visual Studio Solution File, Format Version 12.00
# Visual Studio Version 16
VisualStudioVersion = 16.0.32630.194
MinimumVisualStudioVersion = 10.0.40219.1
Project("{FAE04EC0-301F-11D3-BF4B-00C04F79EFBC}") = "CarInsurance", "CarInsurance\CarInsurance.csproj", "{3EB01EAE-EF0C-4105-8671-D36875E71CD9}"
EndProject
Global
	GlobalSection(SolutionConfigurationPlatforms) = preSolution
		Debug|Any CPU = Debug|Any CPU
		Release|Any CPU = Release|Any CPU
	EndGlobalSection
	GlobalSection(ProjectConfigurationPlatforms) = postSolution
		{3EB01EAE-EF0C-4105-8671-D36875E71CD9}.Debug|Any CPU.ActiveCfg = Debug|Any CPU
		{3EB01EAE-EF0C-4105-8671-D36875E71CD9}.Debug|Any CPU.Build.0 = Debug|Any CPU
		{3EB01EAE-EF0C-4105-8671-D36875E71CD9}.Release|Any CPU.ActiveCfg = Release|Any CPU
		{3EB01EAE-EF0C-4105-8671-D36875E71CD9}.Release|Any CPU.Build.0 = Release|Any CPU
	EndGlobalSection
	GlobalSection(SolutionProperties) = preSolution
		HideSolutionNode = FALSE
	EndGlobalSection
	GlobalSection(ExtensibilityGlobals) = postSolution
		SolutionGuid = {56642E11-A765-4674-98E1-2D636A95F3F5}
	EndGlobalSection
EndGlobal
